
Microsoft Visual Studio Solution File, Format Version 12.00
# Visual Studio Version 17
VisualStudioVersion = 17.0.31903.59
MinimumVisualStudioVersion = 10.0.40219.1
Project("{FAE04EC0-301F-11D3-BF4B-00C04F79EFBC}") = "Producer", "Producer\Producer.csproj", "{5460786F-93C0-4114-8CB9-2225EAC8538F}"
EndProject
Project("{FAE04EC0-301F-11D3-BF4B-00C04F79EFBC}") = "Subscriber", "Subscriber\Subscriber.csproj", "{3F666917-9BD7-4FA6-B1FA-D513DDEB83CE}"
EndProject
Global
	GlobalSection(SolutionConfigurationPlatforms) = preSolution
		Debug|Any CPU = Debug|Any CPU
		Release|Any CPU = Release|Any CPU
	EndGlobalSection
	GlobalSection(SolutionProperties) = preSolution
		HideSolutionNode = FALSE
	EndGlobalSection
	GlobalSection(ProjectConfigurationPlatforms) = postSolution
		{5460786F-93C0-4114-8CB9-2225EAC8538F}.Debug|Any CPU.ActiveCfg = Debug|Any CPU
		{5460786F-93C0-4114-8CB9-2225EAC8538F}.Debug|Any CPU.Build.0 = Debug|Any CPU
		{5460786F-93C0-4114-8CB9-2225EAC8538F}.Release|Any CPU.ActiveCfg = Release|Any CPU
		{5460786F-93C0-4114-8CB9-2225EAC8538F}.Release|Any CPU.Build.0 = Release|Any CPU
		{3F666917-9BD7-4FA6-B1FA-D513DDEB83CE}.Debug|Any CPU.ActiveCfg = Debug|Any CPU
		{3F666917-9BD7-4FA6-B1FA-D513DDEB83CE}.Debug|Any CPU.Build.0 = Debug|Any CPU
		{3F666917-9BD7-4FA6-B1FA-D513DDEB83CE}.Release|Any CPU.ActiveCfg = Release|Any CPU
		{3F666917-9BD7-4FA6-B1FA-D513DDEB83CE}.Release|Any CPU.Build.0 = Release|Any CPU
	EndGlobalSection
EndGlobal
